
Microsoft Visual Studio Solution File, Format Version 12.00
# Visual Studio Version 17
VisualStudioVersion = 17.11.35017.193
MinimumVisualStudioVersion = 10.0.40219.1
Project("{FAE04EC0-301F-11D3-BF4B-00C04F79EFBC}") = "to-do list", "to-do list.csproj", "{68B374A6-AA9F-4252-8A12-2EE1BAA9490C}"
EndProject
Global
	GlobalSection(SolutionConfigurationPlatforms) = preSolution
		Debug|Any CPU = Debug|Any CPU
		Release|Any CPU = Release|Any CPU
	EndGlobalSection
	GlobalSection(ProjectConfigurationPlatforms) = postSolution
		{68B374A6-AA9F-4252-8A12-2EE1BAA9490C}.Debug|Any CPU.ActiveCfg = Debug|Any CPU
		{68B374A6-AA9F-4252-8A12-2EE1BAA9490C}.Debug|Any CPU.Build.0 = Debug|Any CPU
		{68B374A6-AA9F-4252-8A12-2EE1BAA9490C}.Release|Any CPU.ActiveCfg = Release|Any CPU
		{68B374A6-AA9F-4252-8A12-2EE1BAA9490C}.Release|Any CPU.Build.0 = Release|Any CPU
	EndGlobalSection
	GlobalSection(SolutionProperties) = preSolution
		HideSolutionNode = FALSE
	EndGlobalSection
	GlobalSection(ExtensibilityGlobals) = postSolution
		SolutionGuid = {D44E39F9-C85D-49BD-B366-4A0AD9686410}
	EndGlobalSection
EndGlobal
